// !$*UTF8*$!
{
	archiveVersion = 1;
	classes = {
	};
	objectVersion = 55;
	objects = {

/* Begin PBXBuildFile section */
		6F089AB127D2FA1000306074 /* UIView+Extension.swift in Sources */ = {isa = PBXBuildFile; fileRef = 6F089AB027D2FA1000306074 /* UIView+Extension.swift */; };
		6F089ABB27D31EC200306074 /* UIViewController+Extension.swift in Sources */ = {isa = PBXBuildFile; fileRef = 6F089ABA27D31EC200306074 /* UIViewController+Extension.swift */; };
		6F14345727CFE51700697A77 /* AppDelegate.swift in Sources */ = {isa = PBXBuildFile; fileRef = 6F14345627CFE51700697A77 /* AppDelegate.swift */; };
		6F14345927CFE51700697A77 /* SceneDelegate.swift in Sources */ = {isa = PBXBuildFile; fileRef = 6F14345827CFE51700697A77 /* SceneDelegate.swift */; };
		6F14345B27CFE51700697A77 /* CharactersListViewController.swift in Sources */ = {isa = PBXBuildFile; fileRef = 6F14345A27CFE51700697A77 /* CharactersListViewController.swift */; };
		6F14346027CFE51900697A77 /* Assets.xcassets in Resources */ = {isa = PBXBuildFile; fileRef = 6F14345F27CFE51900697A77 /* Assets.xcassets */; };
		6F14346327CFE51900697A77 /* LaunchScreen.storyboard in Resources */ = {isa = PBXBuildFile; fileRef = 6F14346127CFE51900697A77 /* LaunchScreen.storyboard */; };
		6F14346B27CFE68400697A77 /* CharactersListViewController.xib in Resources */ = {isa = PBXBuildFile; fileRef = 6F14346A27CFE68400697A77 /* CharactersListViewController.xib */; };
		6F14347027CFEA1900697A77 /* CharactersListPresenter.swift in Sources */ = {isa = PBXBuildFile; fileRef = 6F14346F27CFEA1900697A77 /* CharactersListPresenter.swift */; };
		6F14347227CFEA6700697A77 /* CharactersListRequest.swift in Sources */ = {isa = PBXBuildFile; fileRef = 6F14347127CFEA6700697A77 /* CharactersListRequest.swift */; };
		6F14347427CFEAB700697A77 /* Api.swift in Sources */ = {isa = PBXBuildFile; fileRef = 6F14347327CFEAB700697A77 /* Api.swift */; };
		6F14347627CFEAD300697A77 /* CharactersListResponse.swift in Sources */ = {isa = PBXBuildFile; fileRef = 6F14347527CFEAD300697A77 /* CharactersListResponse.swift */; };
		6F258E6627D6118A005159CF /* spiderman404.json in Resources */ = {isa = PBXBuildFile; fileRef = 6F258E6527D6118A005159CF /* spiderman404.json */; };
		6F3C52C227D4438D002EBBC7 /* openBankTests.swift in Sources */ = {isa = PBXBuildFile; fileRef = 6F3C52C127D4438D002EBBC7 /* openBankTests.swift */; };
		6F56446B27D17C4800BB91EA /* CharacterCell.swift in Sources */ = {isa = PBXBuildFile; fileRef = 6F56446A27D17C4800BB91EA /* CharacterCell.swift */; };
		6F56446D27D17C7E00BB91EA /* CharacterCell.xib in Resources */ = {isa = PBXBuildFile; fileRef = 6F56446C27D17C7E00BB91EA /* CharacterCell.xib */; };
		6F56447027D1805D00BB91EA /* ImageView+Extension.swift in Sources */ = {isa = PBXBuildFile; fileRef = 6F56446F27D1805D00BB91EA /* ImageView+Extension.swift */; };
		6F56447327D194A100BB91EA /* CharacterRequest.swift in Sources */ = {isa = PBXBuildFile; fileRef = 6F56447227D194A100BB91EA /* CharacterRequest.swift */; };
		6F56447727D1994D00BB91EA /* CharacterDetailViewController.swift in Sources */ = {isa = PBXBuildFile; fileRef = 6F56447627D1994D00BB91EA /* CharacterDetailViewController.swift */; };
		6F56447B27D19BFE00BB91EA /* CharacterDetailViewController.xib in Resources */ = {isa = PBXBuildFile; fileRef = 6F56447A27D19BFE00BB91EA /* CharacterDetailViewController.xib */; };
		6F73AD0827D6CC890019FC3E /* Lottie in Frameworks */ = {isa = PBXBuildFile; productRef = 6F73AD0727D6CC890019FC3E /* Lottie */; };
		6F99449427D2DD7B001E26EB /* DetailView.swift in Sources */ = {isa = PBXBuildFile; fileRef = 6F99449327D2DD7B001E26EB /* DetailView.swift */; };
		6F99449627D2DE11001E26EB /* DetailView.xib in Resources */ = {isa = PBXBuildFile; fileRef = 6F99449527D2DE11001E26EB /* DetailView.xib */; };
		6FF1634627D02EB5002DA6B9 /* CharacterDetailResponse.swift in Sources */ = {isa = PBXBuildFile; fileRef = 6FF1634527D02EB5002DA6B9 /* CharacterDetailResponse.swift */; };
		6FF1634827D034E7002DA6B9 /* String+Extension.swift in Sources */ = {isa = PBXBuildFile; fileRef = 6FF1634727D034E7002DA6B9 /* String+Extension.swift */; };
		6FF1634A27D0351D002DA6B9 /* Date+Extension.swift in Sources */ = {isa = PBXBuildFile; fileRef = 6FF1634927D0351D002DA6B9 /* Date+Extension.swift */; };
/* End PBXBuildFile section */

/* Begin PBXContainerItemProxy section */
		6F3C52C327D4438D002EBBC7 /* PBXContainerItemProxy */ = {
			isa = PBXContainerItemProxy;
			containerPortal = 6F14344B27CFE51700697A77 /* Project object */;
			proxyType = 1;
			remoteGlobalIDString = 6F14345227CFE51700697A77;
			remoteInfo = openBank;
		};
/* End PBXContainerItemProxy section */

/* Begin PBXFileReference section */
		6F089AB027D2FA1000306074 /* UIView+Extension.swift */ = {isa = PBXFileReference; lastKnownFileType = sourcecode.swift; path = "UIView+Extension.swift"; sourceTree = "<group>"; };
		6F089ABA27D31EC200306074 /* UIViewController+Extension.swift */ = {isa = PBXFileReference; lastKnownFileType = sourcecode.swift; path = "UIViewController+Extension.swift"; sourceTree = "<group>"; };
		6F14345327CFE51700697A77 /* openBank.app */ = {isa = PBXFileReference; explicitFileType = wrapper.application; includeInIndex = 0; path = openBank.app; sourceTree = BUILT_PRODUCTS_DIR; };
		6F14345627CFE51700697A77 /* AppDelegate.swift */ = {isa = PBXFileReference; lastKnownFileType = sourcecode.swift; path = AppDelegate.swift; sourceTree = "<group>"; };
		6F14345827CFE51700697A77 /* SceneDelegate.swift */ = {isa = PBXFileReference; lastKnownFileType = sourcecode.swift; path = SceneDelegate.swift; sourceTree = "<group>"; };
		6F14345A27CFE51700697A77 /* CharactersListViewController.swift */ = {isa = PBXFileReference; lastKnownFileType = sourcecode.swift; path = CharactersListViewController.swift; sourceTree = "<group>"; };
		6F14345F27CFE51900697A77 /* Assets.xcassets */ = {isa = PBXFileReference; lastKnownFileType = folder.assetcatalog; path = Assets.xcassets; sourceTree = "<group>"; };
		6F14346227CFE51900697A77 /* Base */ = {isa = PBXFileReference; lastKnownFileType = file.storyboard; name = Base; path = Base.lproj/LaunchScreen.storyboard; sourceTree = "<group>"; };
		6F14346427CFE51900697A77 /* Info.plist */ = {isa = PBXFileReference; lastKnownFileType = text.plist.xml; path = Info.plist; sourceTree = "<group>"; };
		6F14346A27CFE68400697A77 /* CharactersListViewController.xib */ = {isa = PBXFileReference; lastKnownFileType = file.xib; path = CharactersListViewController.xib; sourceTree = "<group>"; };
		6F14346F27CFEA1900697A77 /* CharactersListPresenter.swift */ = {isa = PBXFileReference; lastKnownFileType = sourcecode.swift; path = CharactersListPresenter.swift; sourceTree = "<group>"; };
		6F14347127CFEA6700697A77 /* CharactersListRequest.swift */ = {isa = PBXFileReference; lastKnownFileType = sourcecode.swift; path = CharactersListRequest.swift; sourceTree = "<group>"; };
		6F14347327CFEAB700697A77 /* Api.swift */ = {isa = PBXFileReference; lastKnownFileType = sourcecode.swift; path = Api.swift; sourceTree = "<group>"; };
		6F14347527CFEAD300697A77 /* CharactersListResponse.swift */ = {isa = PBXFileReference; lastKnownFileType = sourcecode.swift; path = CharactersListResponse.swift; sourceTree = "<group>"; };
		6F258E6527D6118A005159CF /* spiderman404.json */ = {isa = PBXFileReference; fileEncoding = 4; lastKnownFileType = text.json; path = spiderman404.json; sourceTree = "<group>"; };
		6F3C52BF27D4438D002EBBC7 /* openBankTests.xctest */ = {isa = PBXFileReference; explicitFileType = wrapper.cfbundle; includeInIndex = 0; path = openBankTests.xctest; sourceTree = BUILT_PRODUCTS_DIR; };
		6F3C52C127D4438D002EBBC7 /* openBankTests.swift */ = {isa = PBXFileReference; lastKnownFileType = sourcecode.swift; path = openBankTests.swift; sourceTree = "<group>"; };
		6F56446A27D17C4800BB91EA /* CharacterCell.swift */ = {isa = PBXFileReference; lastKnownFileType = sourcecode.swift; path = CharacterCell.swift; sourceTree = "<group>"; };
		6F56446C27D17C7E00BB91EA /* CharacterCell.xib */ = {isa = PBXFileReference; lastKnownFileType = file.xib; path = CharacterCell.xib; sourceTree = "<group>"; };
		6F56446F27D1805D00BB91EA /* ImageView+Extension.swift */ = {isa = PBXFileReference; lastKnownFileType = sourcecode.swift; path = "ImageView+Extension.swift"; sourceTree = "<group>"; };
		6F56447227D194A100BB91EA /* CharacterRequest.swift */ = {isa = PBXFileReference; lastKnownFileType = sourcecode.swift; path = CharacterRequest.swift; sourceTree = "<group>"; };
		6F56447627D1994D00BB91EA /* CharacterDetailViewController.swift */ = {isa = PBXFileReference; lastKnownFileType = sourcecode.swift; path = CharacterDetailViewController.swift; sourceTree = "<group>"; };
		6F56447A27D19BFE00BB91EA /* CharacterDetailViewController.xib */ = {isa = PBXFileReference; lastKnownFileType = file.xib; path = CharacterDetailViewController.xib; sourceTree = "<group>"; };
		6F99449327D2DD7B001E26EB /* DetailView.swift */ = {isa = PBXFileReference; lastKnownFileType = sourcecode.swift; path = DetailView.swift; sourceTree = "<group>"; };
		6F99449527D2DE11001E26EB /* DetailView.xib */ = {isa = PBXFileReference; lastKnownFileType = file.xib; path = DetailView.xib; sourceTree = "<group>"; };
		6FF1634527D02EB5002DA6B9 /* CharacterDetailResponse.swift */ = {isa = PBXFileReference; lastKnownFileType = sourcecode.swift; path = CharacterDetailResponse.swift; sourceTree = "<group>"; };
		6FF1634727D034E7002DA6B9 /* String+Extension.swift */ = {isa = PBXFileReference; lastKnownFileType = sourcecode.swift; path = "String+Extension.swift"; sourceTree = "<group>"; };
		6FF1634927D0351D002DA6B9 /* Date+Extension.swift */ = {isa = PBXFileReference; lastKnownFileType = sourcecode.swift; path = "Date+Extension.swift"; sourceTree = "<group>"; };
/* End PBXFileReference section */

/* Begin PBXFrameworksBuildPhase section */
		6F14345027CFE51700697A77 /* Frameworks */ = {
			isa = PBXFrameworksBuildPhase;
			buildActionMask = 2147483647;
			files = (
				6F73AD0827D6CC890019FC3E /* Lottie in Frameworks */,
			);
			runOnlyForDeploymentPostprocessing = 0;
		};
		6F3C52BC27D4438D002EBBC7 /* Frameworks */ = {
			isa = PBXFrameworksBuildPhase;
			buildActionMask = 2147483647;
			files = (
			);
			runOnlyForDeploymentPostprocessing = 0;
		};
/* End PBXFrameworksBuildPhase section */

/* Begin PBXGroup section */
		6F089AB527D3160000306074 /* Lottie */ = {
			isa = PBXGroup;
			children = (
				6F258E6527D6118A005159CF /* spiderman404.json */,
			);
			path = Lottie;
			sourceTree = "<group>";
		};
		6F14344A27CFE51700697A77 = {
			isa = PBXGroup;
			children = (
				6F14345527CFE51700697A77 /* openBank */,
				6F3C52C027D4438D002EBBC7 /* openBankTests */,
				6F14345427CFE51700697A77 /* Products */,
			);
			sourceTree = "<group>";
		};
		6F14345427CFE51700697A77 /* Products */ = {
			isa = PBXGroup;
			children = (
				6F14345327CFE51700697A77 /* openBank.app */,
				6F3C52BF27D4438D002EBBC7 /* openBankTests.xctest */,
			);
			name = Products;
			sourceTree = "<group>";
		};
		6F14345527CFE51700697A77 /* openBank */ = {
			isa = PBXGroup;
			children = (
				6F089AB527D3160000306074 /* Lottie */,
				6F14346C27CFE9BF00697A77 /* CharactersList */,
				6F56447527D1993900BB91EA /* CharacterDetail */,
				6F56447427D198FA00BB91EA /* Response */,
				6F56447127D1948F00BB91EA /* Request */,
				6F56446E27D1804400BB91EA /* Extensions */,
				6F14345627CFE51700697A77 /* AppDelegate.swift */,
				6F14345827CFE51700697A77 /* SceneDelegate.swift */,
				6F14345F27CFE51900697A77 /* Assets.xcassets */,
				6F14346127CFE51900697A77 /* LaunchScreen.storyboard */,
				6F14346427CFE51900697A77 /* Info.plist */,
				6F14347327CFEAB700697A77 /* Api.swift */,
			);
			path = openBank;
			sourceTree = "<group>";
		};
		6F14346C27CFE9BF00697A77 /* CharactersList */ = {
			isa = PBXGroup;
			children = (
				6F56446927D17C1A00BB91EA /* ViewComponents */,
				6F14346E27CFEA0700697A77 /* Presenter */,
				6F14346D27CFE9FE00697A77 /* View */,
			);
			path = CharactersList;
			sourceTree = "<group>";
		};
		6F14346D27CFE9FE00697A77 /* View */ = {
			isa = PBXGroup;
			children = (
				6F14345A27CFE51700697A77 /* CharactersListViewController.swift */,
				6F14346A27CFE68400697A77 /* CharactersListViewController.xib */,
			);
			path = View;
			sourceTree = "<group>";
		};
		6F14346E27CFEA0700697A77 /* Presenter */ = {
			isa = PBXGroup;
			children = (
				6F14346F27CFEA1900697A77 /* CharactersListPresenter.swift */,
			);
			path = Presenter;
			sourceTree = "<group>";
		};
		6F3C52C027D4438D002EBBC7 /* openBankTests */ = {
			isa = PBXGroup;
			children = (
				6F3C52C127D4438D002EBBC7 /* openBankTests.swift */,
			);
			path = openBankTests;
			sourceTree = "<group>";
		};
		6F56446927D17C1A00BB91EA /* ViewComponents */ = {
			isa = PBXGroup;
			children = (
				6F56446A27D17C4800BB91EA /* CharacterCell.swift */,
				6F56446C27D17C7E00BB91EA /* CharacterCell.xib */,
			);
			path = ViewComponents;
			sourceTree = "<group>";
		};
		6F56446E27D1804400BB91EA /* Extensions */ = {
			isa = PBXGroup;
			children = (
				6FF1634727D034E7002DA6B9 /* String+Extension.swift */,
				6FF1634927D0351D002DA6B9 /* Date+Extension.swift */,
				6F56446F27D1805D00BB91EA /* ImageView+Extension.swift */,
				6F089AB027D2FA1000306074 /* UIView+Extension.swift */,
				6F089ABA27D31EC200306074 /* UIViewController+Extension.swift */,
			);
			path = Extensions;
			sourceTree = "<group>";
		};
		6F56447127D1948F00BB91EA /* Request */ = {
			isa = PBXGroup;
			children = (
				6F14347127CFEA6700697A77 /* CharactersListRequest.swift */,
				6F56447227D194A100BB91EA /* CharacterRequest.swift */,
			);
			path = Request;
			sourceTree = "<group>";
		};
		6F56447427D198FA00BB91EA /* Response */ = {
			isa = PBXGroup;
			children = (
				6F14347527CFEAD300697A77 /* CharactersListResponse.swift */,
				6FF1634527D02EB5002DA6B9 /* CharacterDetailResponse.swift */,
			);
			path = Response;
			sourceTree = "<group>";
		};
		6F56447527D1993900BB91EA /* CharacterDetail */ = {
			isa = PBXGroup;
			children = (
				6F99449227D2DD5E001E26EB /* ViewComponents */,
				6F9BF2F027D1A241002BCEE3 /* View */,
			);
			path = CharacterDetail;
			sourceTree = "<group>";
		};
		6F99449227D2DD5E001E26EB /* ViewComponents */ = {
			isa = PBXGroup;
			children = (
				6F99449327D2DD7B001E26EB /* DetailView.swift */,
				6F99449527D2DE11001E26EB /* DetailView.xib */,
			);
			path = ViewComponents;
			sourceTree = "<group>";
		};
		6F9BF2F027D1A241002BCEE3 /* View */ = {
			isa = PBXGroup;
			children = (
				6F56447627D1994D00BB91EA /* CharacterDetailViewController.swift */,
				6F56447A27D19BFE00BB91EA /* CharacterDetailViewController.xib */,
			);
			path = View;
			sourceTree = "<group>";
		};
/* End PBXGroup section */

/* Begin PBXNativeTarget section */
		6F14345227CFE51700697A77 /* openBank */ = {
			isa = PBXNativeTarget;
			buildConfigurationList = 6F14346727CFE51900697A77 /* Build configuration list for PBXNativeTarget "openBank" */;
			buildPhases = (
				6F14344F27CFE51700697A77 /* Sources */,
				6F14345027CFE51700697A77 /* Frameworks */,
				6F14345127CFE51700697A77 /* Resources */,
			);
			buildRules = (
			);
			dependencies = (
			);
			name = openBank;
			packageProductDependencies = (
				6F73AD0727D6CC890019FC3E /* Lottie */,
			);
			productName = openBank;
			productReference = 6F14345327CFE51700697A77 /* openBank.app */;
			productType = "com.apple.product-type.application";
		};
		6F3C52BE27D4438D002EBBC7 /* openBankTests */ = {
			isa = PBXNativeTarget;
			buildConfigurationList = 6F3C52C527D4438D002EBBC7 /* Build configuration list for PBXNativeTarget "openBankTests" */;
			buildPhases = (
				6F3C52BB27D4438D002EBBC7 /* Sources */,
				6F3C52BC27D4438D002EBBC7 /* Frameworks */,
				6F3C52BD27D4438D002EBBC7 /* Resources */,
			);
			buildRules = (
			);
			dependencies = (
				6F3C52C427D4438D002EBBC7 /* PBXTargetDependency */,
			);
			name = openBankTests;
			productName = openBankTests;
			productReference = 6F3C52BF27D4438D002EBBC7 /* openBankTests.xctest */;
			productType = "com.apple.product-type.bundle.unit-test";
		};
/* End PBXNativeTarget section */

/* Begin PBXProject section */
		6F14344B27CFE51700697A77 /* Project object */ = {
			isa = PBXProject;
			attributes = {
				BuildIndependentTargetsInParallel = 1;
				LastSwiftUpdateCheck = 1310;
				LastUpgradeCheck = 1310;
				TargetAttributes = {
					6F14345227CFE51700697A77 = {
						CreatedOnToolsVersion = 13.1;
					};
					6F3C52BE27D4438D002EBBC7 = {
						CreatedOnToolsVersion = 13.1;
						TestTargetID = 6F14345227CFE51700697A77;
					};
				};
			};
			buildConfigurationList = 6F14344E27CFE51700697A77 /* Build configuration list for PBXProject "openBank" */;
			compatibilityVersion = "Xcode 13.0";
			developmentRegion = en;
			hasScannedForEncodings = 0;
			knownRegions = (
				en,
				Base,
			);
			mainGroup = 6F14344A27CFE51700697A77;
			packageReferences = (
				6F73AD0627D6CC890019FC3E /* XCRemoteSwiftPackageReference "lottie-ios" */,
			);
			productRefGroup = 6F14345427CFE51700697A77 /* Products */;
			projectDirPath = "";
			projectRoot = "";
			targets = (
				6F14345227CFE51700697A77 /* openBank */,
				6F3C52BE27D4438D002EBBC7 /* openBankTests */,
			);
		};
/* End PBXProject section */

/* Begin PBXResourcesBuildPhase section */
		6F14345127CFE51700697A77 /* Resources */ = {
			isa = PBXResourcesBuildPhase;
			buildActionMask = 2147483647;
			files = (
				6F14346327CFE51900697A77 /* LaunchScreen.storyboard in Resources */,
				6F258E6627D6118A005159CF /* spiderman404.json in Resources */,
				6F14346B27CFE68400697A77 /* CharactersListViewController.xib in Resources */,
				6F14346027CFE51900697A77 /* Assets.xcassets in Resources */,
				6F99449627D2DE11001E26EB /* DetailView.xib in Resources */,
				6F56447B27D19BFE00BB91EA /* CharacterDetailViewController.xib in Resources */,
				6F56446D27D17C7E00BB91EA /* CharacterCell.xib in Resources */,
			);
			runOnlyForDeploymentPostprocessing = 0;
		};
		6F3C52BD27D4438D002EBBC7 /* Resources */ = {
			isa = PBXResourcesBuildPhase;
			buildActionMask = 2147483647;
			files = (
			);
			runOnlyForDeploymentPostprocessing = 0;
		};
/* End PBXResourcesBuildPhase section */

/* Begin PBXSourcesBuildPhase section */
		6F14344F27CFE51700697A77 /* Sources */ = {
			isa = PBXSourcesBuildPhase;
			buildActionMask = 2147483647;
			files = (
				6F14347427CFEAB700697A77 /* Api.swift in Sources */,
				6FF1634827D034E7002DA6B9 /* String+Extension.swift in Sources */,
				6F14347027CFEA1900697A77 /* CharactersListPresenter.swift in Sources */,
				6F56446B27D17C4800BB91EA /* CharacterCell.swift in Sources */,
				6F089ABB27D31EC200306074 /* UIViewController+Extension.swift in Sources */,
				6F14345B27CFE51700697A77 /* CharactersListViewController.swift in Sources */,
				6F14347227CFEA6700697A77 /* CharactersListRequest.swift in Sources */,
				6FF1634A27D0351D002DA6B9 /* Date+Extension.swift in Sources */,
				6F089AB127D2FA1000306074 /* UIView+Extension.swift in Sources */,
				6F56447327D194A100BB91EA /* CharacterRequest.swift in Sources */,
				6F14345727CFE51700697A77 /* AppDelegate.swift in Sources */,
				6F99449427D2DD7B001E26EB /* DetailView.swift in Sources */,
				6F14345927CFE51700697A77 /* SceneDelegate.swift in Sources */,
				6F14347627CFEAD300697A77 /* CharactersListResponse.swift in Sources */,
				6F56447727D1994D00BB91EA /* CharacterDetailViewController.swift in Sources */,
				6F56447027D1805D00BB91EA /* ImageView+Extension.swift in Sources */,
				6FF1634627D02EB5002DA6B9 /* CharacterDetailResponse.swift in Sources */,
			);
			runOnlyForDeploymentPostprocessing = 0;
		};
		6F3C52BB27D4438D002EBBC7 /* Sources */ = {
			isa = PBXSourcesBuildPhase;
			buildActionMask = 2147483647;
			files = (
				6F3C52C227D4438D002EBBC7 /* openBankTests.swift in Sources */,
			);
			runOnlyForDeploymentPostprocessing = 0;
		};
/* End PBXSourcesBuildPhase section */

/* Begin PBXTargetDependency section */
		6F3C52C427D4438D002EBBC7 /* PBXTargetDependency */ = {
			isa = PBXTargetDependency;
			target = 6F14345227CFE51700697A77 /* openBank */;
			targetProxy = 6F3C52C327D4438D002EBBC7 /* PBXContainerItemProxy */;
		};
/* End PBXTargetDependency section */

/* Begin PBXVariantGroup section */
		6F14346127CFE51900697A77 /* LaunchScreen.storyboard */ = {
			isa = PBXVariantGroup;
			children = (
				6F14346227CFE51900697A77 /* Base */,
			);
			name = LaunchScreen.storyboard;
			sourceTree = "<group>";
		};
/* End PBXVariantGroup section */

/* Begin XCBuildConfiguration section */
		6F14346527CFE51900697A77 /* Debug */ = {
			isa = XCBuildConfiguration;
			buildSettings = {
				ALWAYS_SEARCH_USER_PATHS = NO;
				CLANG_ANALYZER_NONNULL = YES;
				CLANG_ANALYZER_NUMBER_OBJECT_CONVERSION = YES_AGGRESSIVE;
				CLANG_CXX_LANGUAGE_STANDARD = "gnu++17";
				CLANG_CXX_LIBRARY = "libc++";
				CLANG_ENABLE_MODULES = YES;
				CLANG_ENABLE_OBJC_ARC = YES;
				CLANG_ENABLE_OBJC_WEAK = YES;
				CLANG_WARN_BLOCK_CAPTURE_AUTORELEASING = YES;
				CLANG_WARN_BOOL_CONVERSION = YES;
				CLANG_WARN_COMMA = YES;
				CLANG_WARN_CONSTANT_CONVERSION = YES;
				CLANG_WARN_DEPRECATED_OBJC_IMPLEMENTATIONS = YES;
				CLANG_WARN_DIRECT_OBJC_ISA_USAGE = YES_ERROR;
				CLANG_WARN_DOCUMENTATION_COMMENTS = YES;
				CLANG_WARN_EMPTY_BODY = YES;
				CLANG_WARN_ENUM_CONVERSION = YES;
				CLANG_WARN_INFINITE_RECURSION = YES;
				CLANG_WARN_INT_CONVERSION = YES;
				CLANG_WARN_NON_LITERAL_NULL_CONVERSION = YES;
				CLANG_WARN_OBJC_IMPLICIT_RETAIN_SELF = YES;
				CLANG_WARN_OBJC_LITERAL_CONVERSION = YES;
				CLANG_WARN_OBJC_ROOT_CLASS = YES_ERROR;
				CLANG_WARN_QUOTED_INCLUDE_IN_FRAMEWORK_HEADER = YES;
				CLANG_WARN_RANGE_LOOP_ANALYSIS = YES;
				CLANG_WARN_STRICT_PROTOTYPES = YES;
				CLANG_WARN_SUSPICIOUS_MOVE = YES;
				CLANG_WARN_UNGUARDED_AVAILABILITY = YES_AGGRESSIVE;
				CLANG_WARN_UNREACHABLE_CODE = YES;
				CLANG_WARN__DUPLICATE_METHOD_MATCH = YES;
				COPY_PHASE_STRIP = NO;
				DEBUG_INFORMATION_FORMAT = dwarf;
				ENABLE_STRICT_OBJC_MSGSEND = YES;
				ENABLE_TESTABILITY = YES;
				ENABLE_TESTING_SEARCH_PATHS = YES;
				GCC_C_LANGUAGE_STANDARD = gnu11;
				GCC_DYNAMIC_NO_PIC = NO;
				GCC_NO_COMMON_BLOCKS = YES;
				GCC_OPTIMIZATION_LEVEL = 0;
				GCC_PREPROCESSOR_DEFINITIONS = (
					"DEBUG=1",
					"$(inherited)",
				);
				GCC_WARN_64_TO_32_BIT_CONVERSION = YES;
				GCC_WARN_ABOUT_RETURN_TYPE = YES_ERROR;
				GCC_WARN_UNDECLARED_SELECTOR = YES;
				GCC_WARN_UNINITIALIZED_AUTOS = YES_AGGRESSIVE;
				GCC_WARN_UNUSED_FUNCTION = YES;
				GCC_WARN_UNUSED_VARIABLE = YES;
				IPHONEOS_DEPLOYMENT_TARGET = 15.0;
				MTL_ENABLE_DEBUG_INFO = INCLUDE_SOURCE;
				MTL_FAST_MATH = YES;
				ONLY_ACTIVE_ARCH = YES;
				SDKROOT = iphoneos;
				SWIFT_ACTIVE_COMPILATION_CONDITIONS = DEBUG;
				SWIFT_OPTIMIZATION_LEVEL = "-Onone";
			};
			name = Debug;
		};
		6F14346627CFE51900697A77 /* Release */ = {
			isa = XCBuildConfiguration;
			buildSettings = {
				ALWAYS_SEARCH_USER_PATHS = NO;
				CLANG_ANALYZER_NONNULL = YES;
				CLANG_ANALYZER_NUMBER_OBJECT_CONVERSION = YES_AGGRESSIVE;
				CLANG_CXX_LANGUAGE_STANDARD = "gnu++17";
				CLANG_CXX_LIBRARY = "libc++";
				CLANG_ENABLE_MODULES = YES;
				CLANG_ENABLE_OBJC_ARC = YES;
				CLANG_ENABLE_OBJC_WEAK = YES;
				CLANG_WARN_BLOCK_CAPTURE_AUTORELEASING = YES;
				CLANG_WARN_BOOL_CONVERSION = YES;
				CLANG_WARN_COMMA = YES;
				CLANG_WARN_CONSTANT_CONVERSION = YES;
				CLANG_WARN_DEPRECATED_OBJC_IMPLEMENTATIONS = YES;
				CLANG_WARN_DIRECT_OBJC_ISA_USAGE = YES_ERROR;
				CLANG_WARN_DOCUMENTATION_COMMENTS = YES;
				CLANG_WARN_EMPTY_BODY = YES;
				CLANG_WARN_ENUM_CONVERSION = YES;
				CLANG_WARN_INFINITE_RECURSION = YES;
				CLANG_WARN_INT_CONVERSION = YES;
				CLANG_WARN_NON_LITERAL_NULL_CONVERSION = YES;
				CLANG_WARN_OBJC_IMPLICIT_RETAIN_SELF = YES;
				CLANG_WARN_OBJC_LITERAL_CONVERSION = YES;
				CLANG_WARN_OBJC_ROOT_CLASS = YES_ERROR;
				CLANG_WARN_QUOTED_INCLUDE_IN_FRAMEWORK_HEADER = YES;
				CLANG_WARN_RANGE_LOOP_ANALYSIS = YES;
				CLANG_WARN_STRICT_PROTOTYPES = YES;
				CLANG_WARN_SUSPICIOUS_MOVE = YES;
				CLANG_WARN_UNGUARDED_AVAILABILITY = YES_AGGRESSIVE;
				CLANG_WARN_UNREACHABLE_CODE = YES;
				CLANG_WARN__DUPLICATE_METHOD_MATCH = YES;
				COPY_PHASE_STRIP = NO;
				DEBUG_INFORMATION_FORMAT = "dwarf-with-dsym";
				ENABLE_NS_ASSERTIONS = NO;
				ENABLE_STRICT_OBJC_MSGSEND = YES;
				ENABLE_TESTABILITY = YES;
				ENABLE_TESTING_SEARCH_PATHS = YES;
				GCC_C_LANGUAGE_STANDARD = gnu11;
				GCC_NO_COMMON_BLOCKS = YES;
				GCC_WARN_64_TO_32_BIT_CONVERSION = YES;
				GCC_WARN_ABOUT_RETURN_TYPE = YES_ERROR;
				GCC_WARN_UNDECLARED_SELECTOR = YES;
				GCC_WARN_UNINITIALIZED_AUTOS = YES_AGGRESSIVE;
				GCC_WARN_UNUSED_FUNCTION = YES;
				GCC_WARN_UNUSED_VARIABLE = YES;
				IPHONEOS_DEPLOYMENT_TARGET = 15.0;
				MTL_ENABLE_DEBUG_INFO = NO;
				MTL_FAST_MATH = YES;
				SDKROOT = iphoneos;
				SWIFT_COMPILATION_MODE = wholemodule;
				SWIFT_OPTIMIZATION_LEVEL = "-O";
				VALIDATE_PRODUCT = YES;
			};
			name = Release;
		};
		6F14346827CFE51900697A77 /* Debug */ = {
			isa = XCBuildConfiguration;
			buildSettings = {
				ASSETCATALOG_COMPILER_APPICON_NAME = AppIcon;
				ASSETCATALOG_COMPILER_GLOBAL_ACCENT_COLOR_NAME = AccentColor;
				ASSETCATALOG_COMPILER_INCLUDE_ALL_APPICON_ASSETS = NO;
				CODE_SIGN_STYLE = Automatic;
				CURRENT_PROJECT_VERSION = 1;
				DEVELOPMENT_TEAM = HGFM96H52V;
				GENERATE_INFOPLIST_FILE = YES;
				INFOPLIST_FILE = openBank/Info.plist;
				INFOPLIST_KEY_UIApplicationSupportsIndirectInputEvents = YES;
				INFOPLIST_KEY_UILaunchStoryboardName = LaunchScreen;
				INFOPLIST_KEY_UISupportedInterfaceOrientations_iPad = "UIInterfaceOrientationPortrait UIInterfaceOrientationPortraitUpsideDown UIInterfaceOrientationLandscapeLeft UIInterfaceOrientationLandscapeRight";
				INFOPLIST_KEY_UISupportedInterfaceOrientations_iPhone = "UIInterfaceOrientationPortrait UIInterfaceOrientationLandscapeLeft UIInterfaceOrientationLandscapeRight";
				LD_RUNPATH_SEARCH_PATHS = (
					"$(inherited)",
					"@executable_path/Frameworks",
				);
				MARKETING_VERSION = 1.0;
				PRODUCT_BUNDLE_IDENTIFIER = cristobalramos.com.openBank;
				PRODUCT_NAME = "$(TARGET_NAME)";
				SWIFT_EMIT_LOC_STRINGS = YES;
				SWIFT_VERSION = 5.0;
				TARGETED_DEVICE_FAMILY = 1;
			};
			name = Debug;
		};
		6F14346927CFE51900697A77 /* Release */ = {
			isa = XCBuildConfiguration;
			buildSettings = {
				ASSETCATALOG_COMPILER_APPICON_NAME = AppIcon;
				ASSETCATALOG_COMPILER_GLOBAL_ACCENT_COLOR_NAME = AccentColor;
				ASSETCATALOG_COMPILER_INCLUDE_ALL_APPICON_ASSETS = NO;
				CODE_SIGN_STYLE = Automatic;
				CURRENT_PROJECT_VERSION = 1;
				DEVELOPMENT_TEAM = HGFM96H52V;
				GENERATE_INFOPLIST_FILE = YES;
				INFOPLIST_FILE = openBank/Info.plist;
				INFOPLIST_KEY_UIApplicationSupportsIndirectInputEvents = YES;
				INFOPLIST_KEY_UILaunchStoryboardName = LaunchScreen;
				INFOPLIST_KEY_UISupportedInterfaceOrientations_iPad = "UIInterfaceOrientationPortrait UIInterfaceOrientationPortraitUpsideDown UIInterfaceOrientationLandscapeLeft UIInterfaceOrientationLandscapeRight";
				INFOPLIST_KEY_UISupportedInterfaceOrientations_iPhone = "UIInterfaceOrientationPortrait UIInterfaceOrientationLandscapeLeft UIInterfaceOrientationLandscapeRight";
				LD_RUNPATH_SEARCH_PATHS = (
					"$(inherited)",
					"@executable_path/Frameworks",
				);
				MARKETING_VERSION = 1.0;
				PRODUCT_BUNDLE_IDENTIFIER = cristobalramos.com.openBank;
				PRODUCT_NAME = "$(TARGET_NAME)";
				SWIFT_EMIT_LOC_STRINGS = YES;
				SWIFT_VERSION = 5.0;
				TARGETED_DEVICE_FAMILY = 1;
			};
			name = Release;
		};
		6F3C52C627D4438D002EBBC7 /* Debug */ = {
			isa = XCBuildConfiguration;
			buildSettings = {
				BUNDLE_LOADER = "$(TEST_HOST)";
				CODE_SIGN_STYLE = Automatic;
				CURRENT_PROJECT_VERSION = 1;
				DEVELOPMENT_TEAM = HGFM96H52V;
				GENERATE_INFOPLIST_FILE = YES;
				LD_RUNPATH_SEARCH_PATHS = (
					"$(inherited)",
					"@executable_path/Frameworks",
					"@loader_path/Frameworks",
				);
				MARKETING_VERSION = 1.0;
				PRODUCT_BUNDLE_IDENTIFIER = cristobalramos.com.openBankTests;
				PRODUCT_NAME = "$(TARGET_NAME)";
				SWIFT_EMIT_LOC_STRINGS = NO;
				SWIFT_VERSION = 5.0;
				TARGETED_DEVICE_FAMILY = "1,2";
				TEST_HOST = "$(BUILT_PRODUCTS_DIR)/openBank.app/openBank";
			};
			name = Debug;
		};
		6F3C52C727D4438D002EBBC7 /* Release */ = {
			isa = XCBuildConfiguration;
			buildSettings = {
				BUNDLE_LOADER = "$(TEST_HOST)";
				CODE_SIGN_STYLE = Automatic;
				CURRENT_PROJECT_VERSION = 1;
				DEVELOPMENT_TEAM = HGFM96H52V;
				GENERATE_INFOPLIST_FILE = YES;
				LD_RUNPATH_SEARCH_PATHS = (
					"$(inherited)",
					"@executable_path/Frameworks",
					"@loader_path/Frameworks",
				);
				MARKETING_VERSION = 1.0;
				PRODUCT_BUNDLE_IDENTIFIER = cristobalramos.com.openBankTests;
				PRODUCT_NAME = "$(TARGET_NAME)";
				SWIFT_EMIT_LOC_STRINGS = NO;
				SWIFT_VERSION = 5.0;
				TARGETED_DEVICE_FAMILY = "1,2";
				TEST_HOST = "$(BUILT_PRODUCTS_DIR)/openBank.app/openBank";
			};
			name = Release;
		};
/* End XCBuildConfiguration section */

/* Begin XCConfigurationList section */
		6F14344E27CFE51700697A77 /* Build configuration list for PBXProject "openBank" */ = {
			isa = XCConfigurationList;
			buildConfigurations = (
				6F14346527CFE51900697A77 /* Debug */,
				6F14346627CFE51900697A77 /* Release */,
			);
			defaultConfigurationIsVisible = 0;
			defaultConfigurationName = Release;
		};
		6F14346727CFE51900697A77 /* Build configuration list for PBXNativeTarget "openBank" */ = {
			isa = XCConfigurationList;
			buildConfigurations = (
				6F14346827CFE51900697A77 /* Debug */,
				6F14346927CFE51900697A77 /* Release */,
			);
			defaultConfigurationIsVisible = 0;
			defaultConfigurationName = Release;
		};
		6F3C52C527D4438D002EBBC7 /* Build configuration list for PBXNativeTarget "openBankTests" */ = {
			isa = XCConfigurationList;
			buildConfigurations = (
				6F3C52C627D4438D002EBBC7 /* Debug */,
				6F3C52C727D4438D002EBBC7 /* Release */,
			);
			defaultConfigurationIsVisible = 0;
			defaultConfigurationName = Release;
		};
/* End XCConfigurationList section */

/* Begin XCRemoteSwiftPackageReference section */
		6F73AD0627D6CC890019FC3E /* XCRemoteSwiftPackageReference "lottie-ios" */ = {
			isa = XCRemoteSwiftPackageReference;
			repositoryURL = "https://github.com/airbnb/lottie-ios";
			requirement = {
				branch = master;
				kind = branch;
			};
		};
/* End XCRemoteSwiftPackageReference section */

/* Begin XCSwiftPackageProductDependency section */
		6F73AD0727D6CC890019FC3E /* Lottie */ = {
			isa = XCSwiftPackageProductDependency;
			package = 6F73AD0627D6CC890019FC3E /* XCRemoteSwiftPackageReference "lottie-ios" */;
			productName = Lottie;
		};
/* End XCSwiftPackageProductDependency section */
	};
	rootObject = 6F14344B27CFE51700697A77 /* Project object */;
}
